
Microsoft Visual Studio Solution File, Format Version 12.00
# Visual Studio Version 17
VisualStudioVersion = 17.9.34723.18
MinimumVisualStudioVersion = 10.0.40219.1
Project("{2150E333-8FDC-42A3-9474-1A3956D46DE8}") = "Shared", "Shared", "{5586EB0D-23A1-40DD-B96E-20159508948C}"
EndProject
Project("{2150E333-8FDC-42A3-9474-1A3956D46DE8}") = "Console", "Console", "{49D9BF90-32FA-4045-8E5E-88AD9040B6BA}"
EndProject
Project("{2150E333-8FDC-42A3-9474-1A3956D46DE8}") = "WCF", "WCF", "{5CEF4132-AFED-4199-9451-3BCD0BE24A7C}"
EndProject
Project("{9A19103F-16F7-4668-BE54-9A1E7A4F7556}") = "VM", "WPF\VM\VM.csproj", "{6223C9E1-C913-45AE-9A7A-EA4B4E6188F6}"
EndProject
Project("{9A19103F-16F7-4668-BE54-9A1E7A4F7556}") = "BLL", "Shared\BLL\BLL.csproj", "{981A2D0A-4139-4471-BABF-FEF35E62A932}"
EndProject
Project("{9A19103F-16F7-4668-BE54-9A1E7A4F7556}") = "3dxChatLauncher", "Console\3dxChatLauncher\3dxChatLauncher.csproj", "{E88BD480-D562-4069-B2EA-3604DA063420}"
EndProject
Project("{FAE04EC0-301F-11D3-BF4B-00C04F79EFBC}") = "3dxChatLauncher", "WPF\3dxChatLauncher\3dxChatLauncher.csproj", "{5D8B8AF0-C6CF-4C13-8A09-8D0AD1A4364E}"
EndProject
Global
	GlobalSection(SolutionConfigurationPlatforms) = preSolution
		Debug|Any CPU = Debug|Any CPU
		Release|Any CPU = Release|Any CPU
	EndGlobalSection
	GlobalSection(ProjectConfigurationPlatforms) = postSolution
		{6223C9E1-C913-45AE-9A7A-EA4B4E6188F6}.Debug|Any CPU.ActiveCfg = Debug|Any CPU
		{6223C9E1-C913-45AE-9A7A-EA4B4E6188F6}.Debug|Any CPU.Build.0 = Debug|Any CPU
		{6223C9E1-C913-45AE-9A7A-EA4B4E6188F6}.Release|Any CPU.ActiveCfg = Release|Any CPU
		{6223C9E1-C913-45AE-9A7A-EA4B4E6188F6}.Release|Any CPU.Build.0 = Release|Any CPU
		{981A2D0A-4139-4471-BABF-FEF35E62A932}.Debug|Any CPU.ActiveCfg = Debug|Any CPU
		{981A2D0A-4139-4471-BABF-FEF35E62A932}.Debug|Any CPU.Build.0 = Debug|Any CPU
		{981A2D0A-4139-4471-BABF-FEF35E62A932}.Release|Any CPU.ActiveCfg = Release|Any CPU
		{981A2D0A-4139-4471-BABF-FEF35E62A932}.Release|Any CPU.Build.0 = Release|Any CPU
		{E88BD480-D562-4069-B2EA-3604DA063420}.Debug|Any CPU.ActiveCfg = Debug|Any CPU
		{E88BD480-D562-4069-B2EA-3604DA063420}.Debug|Any CPU.Build.0 = Debug|Any CPU
		{E88BD480-D562-4069-B2EA-3604DA063420}.Release|Any CPU.ActiveCfg = Release|Any CPU
		{E88BD480-D562-4069-B2EA-3604DA063420}.Release|Any CPU.Build.0 = Release|Any CPU
		{5D8B8AF0-C6CF-4C13-8A09-8D0AD1A4364E}.Debug|Any CPU.ActiveCfg = Debug|Any CPU
		{5D8B8AF0-C6CF-4C13-8A09-8D0AD1A4364E}.Debug|Any CPU.Build.0 = Debug|Any CPU
		{5D8B8AF0-C6CF-4C13-8A09-8D0AD1A4364E}.Release|Any CPU.ActiveCfg = Release|Any CPU
		{5D8B8AF0-C6CF-4C13-8A09-8D0AD1A4364E}.Release|Any CPU.Build.0 = Release|Any CPU
	EndGlobalSection
	GlobalSection(SolutionProperties) = preSolution
		HideSolutionNode = FALSE
	EndGlobalSection
	GlobalSection(NestedProjects) = preSolution
		{6223C9E1-C913-45AE-9A7A-EA4B4E6188F6} = {5CEF4132-AFED-4199-9451-3BCD0BE24A7C}
		{981A2D0A-4139-4471-BABF-FEF35E62A932} = {5586EB0D-23A1-40DD-B96E-20159508948C}
		{E88BD480-D562-4069-B2EA-3604DA063420} = {49D9BF90-32FA-4045-8E5E-88AD9040B6BA}
		{5D8B8AF0-C6CF-4C13-8A09-8D0AD1A4364E} = {5CEF4132-AFED-4199-9451-3BCD0BE24A7C}
	EndGlobalSection
	GlobalSection(ExtensibilityGlobals) = postSolution
		SolutionGuid = {C6409E00-F9B9-4D7F-BF48-9C517AFC1031}
	EndGlobalSection
EndGlobal
